
Microsoft Visual Studio Solution File, Format Version 12.00
# Visual Studio Version 17
VisualStudioVersion = 17.12.35707.178
MinimumVisualStudioVersion = 10.0.40219.1
Project("{9A19103F-16F7-4668-BE54-9A1E7A4F7556}") = "Home_Work_15_01_2025_part_2", "Home_Work_15_01_2025_part_2\Home_Work_15_01_2025_part_2.csproj", "{07A702A1-7AF0-499F-BBF4-04921BC09902}"
EndProject
Project("{9A19103F-16F7-4668-BE54-9A1E7A4F7556}") = "Home_Work_15_01_2025_part_1", "Home_Work_15_01_2025_part_1\Home_Work_15_01_2025_part_1.csproj", "{2A92FA5E-85E3-4804-819C-5F7C5C3B94AE}"
EndProject
Project("{9A19103F-16F7-4668-BE54-9A1E7A4F7556}") = "Refuling_cars_2025_01_20", "Refuling_cars_2025_01_20\Refuling_cars_2025_01_20.csproj", "{36CFDE09-8BD7-46A6-840D-2D063F7CA69D}"
EndProject
Project("{9A19103F-16F7-4668-BE54-9A1E7A4F7556}") = "Home_Work_15_01_2025_part_3", "Home_Work_15_01_2025_part_3\Home_Work_15_01_2025_part_3.csproj", "{DFD12B2F-CB7A-4B52-BC69-1861ABA77801}"
EndProject
Project("{9A19103F-16F7-4668-BE54-9A1E7A4F7556}") = "Home_Work_15_01_2025_part_4", "Home_Work_15_01_2025_part_4\Home_Work_15_01_2025_part_4.csproj", "{22B8FDFF-98F2-4A33-B61F-E67BAF46D313}"
EndProject
Project("{9A19103F-16F7-4668-BE54-9A1E7A4F7556}") = "Home_Work_20_01_2025_part_1", "Home_Work_20_01_2025_part_1\Home_Work_20_01_2025_part_1.csproj", "{6B823F7E-2E48-4C88-A622-0C1F9A934A77}"
EndProject
Project("{FAE04EC0-301F-11D3-BF4B-00C04F79EFBC}") = "Home_Work_15_01_2025_part_5_StaticRectangle", "Home_Work_15_01_2025_part_5_StaticRectangle\Home_Work_15_01_2025_part_5_StaticRectangle.csproj", "{6ADFF5F6-AA13-43D1-A41D-123565C2C59B}"
EndProject
Global
	GlobalSection(SolutionConfigurationPlatforms) = preSolution
		Debug|Any CPU = Debug|Any CPU
		Release|Any CPU = Release|Any CPU
	EndGlobalSection
	GlobalSection(ProjectConfigurationPlatforms) = postSolution
		{07A702A1-7AF0-499F-BBF4-04921BC09902}.Debug|Any CPU.ActiveCfg = Debug|Any CPU
		{07A702A1-7AF0-499F-BBF4-04921BC09902}.Debug|Any CPU.Build.0 = Debug|Any CPU
		{07A702A1-7AF0-499F-BBF4-04921BC09902}.Release|Any CPU.ActiveCfg = Release|Any CPU
		{07A702A1-7AF0-499F-BBF4-04921BC09902}.Release|Any CPU.Build.0 = Release|Any CPU
		{2A92FA5E-85E3-4804-819C-5F7C5C3B94AE}.Debug|Any CPU.ActiveCfg = Debug|Any CPU
		{2A92FA5E-85E3-4804-819C-5F7C5C3B94AE}.Debug|Any CPU.Build.0 = Debug|Any CPU
		{2A92FA5E-85E3-4804-819C-5F7C5C3B94AE}.Release|Any CPU.ActiveCfg = Release|Any CPU
		{2A92FA5E-85E3-4804-819C-5F7C5C3B94AE}.Release|Any CPU.Build.0 = Release|Any CPU
		{36CFDE09-8BD7-46A6-840D-2D063F7CA69D}.Debug|Any CPU.ActiveCfg = Debug|Any CPU
		{36CFDE09-8BD7-46A6-840D-2D063F7CA69D}.Debug|Any CPU.Build.0 = Debug|Any CPU
		{36CFDE09-8BD7-46A6-840D-2D063F7CA69D}.Release|Any CPU.ActiveCfg = Release|Any CPU
		{36CFDE09-8BD7-46A6-840D-2D063F7CA69D}.Release|Any CPU.Build.0 = Release|Any CPU
		{DFD12B2F-CB7A-4B52-BC69-1861ABA77801}.Debug|Any CPU.ActiveCfg = Debug|Any CPU
		{DFD12B2F-CB7A-4B52-BC69-1861ABA77801}.Debug|Any CPU.Build.0 = Debug|Any CPU
		{DFD12B2F-CB7A-4B52-BC69-1861ABA77801}.Release|Any CPU.ActiveCfg = Release|Any CPU
		{DFD12B2F-CB7A-4B52-BC69-1861ABA77801}.Release|Any CPU.Build.0 = Release|Any CPU
		{22B8FDFF-98F2-4A33-B61F-E67BAF46D313}.Debug|Any CPU.ActiveCfg = Debug|Any CPU
		{22B8FDFF-98F2-4A33-B61F-E67BAF46D313}.Debug|Any CPU.Build.0 = Debug|Any CPU
		{22B8FDFF-98F2-4A33-B61F-E67BAF46D313}.Release|Any CPU.ActiveCfg = Release|Any CPU
		{22B8FDFF-98F2-4A33-B61F-E67BAF46D313}.Release|Any CPU.Build.0 = Release|Any CPU
		{6B823F7E-2E48-4C88-A622-0C1F9A934A77}.Debug|Any CPU.ActiveCfg = Debug|Any CPU
		{6B823F7E-2E48-4C88-A622-0C1F9A934A77}.Debug|Any CPU.Build.0 = Debug|Any CPU
		{6B823F7E-2E48-4C88-A622-0C1F9A934A77}.Release|Any CPU.ActiveCfg = Release|Any CPU
		{6B823F7E-2E48-4C88-A622-0C1F9A934A77}.Release|Any CPU.Build.0 = Release|Any CPU
		{6ADFF5F6-AA13-43D1-A41D-123565C2C59B}.Debug|Any CPU.ActiveCfg = Debug|Any CPU
		{6ADFF5F6-AA13-43D1-A41D-123565C2C59B}.Debug|Any CPU.Build.0 = Debug|Any CPU
		{6ADFF5F6-AA13-43D1-A41D-123565C2C59B}.Release|Any CPU.ActiveCfg = Release|Any CPU
		{6ADFF5F6-AA13-43D1-A41D-123565C2C59B}.Release|Any CPU.Build.0 = Release|Any CPU
	EndGlobalSection
	GlobalSection(SolutionProperties) = preSolution
		HideSolutionNode = FALSE
	EndGlobalSection
	GlobalSection(ExtensibilityGlobals) = postSolution
		SolutionGuid = {F40A1820-A122-40A2-B5B5-AF702478A982}
	EndGlobalSection
EndGlobal
